// !$*UTF8*$!
{
	archiveVersion = 1;
	classes = {
	};
	objectVersion = 46;
	objects = {

/* Begin PBXBuildFile section */
		D5FCAF33203E318500708884 /* AppDelegate.swift in Sources */ = {isa = PBXBuildFile; fileRef = D5FCAF32203E318500708884 /* AppDelegate.swift */; };
		D5FCAF38203E318500708884 /* Main.storyboard in Resources */ = {isa = PBXBuildFile; fileRef = D5FCAF36203E318500708884 /* Main.storyboard */; };
		D5FCAF3A203E318500708884 /* Assets.xcassets in Resources */ = {isa = PBXBuildFile; fileRef = D5FCAF39203E318500708884 /* Assets.xcassets */; };
		D5FCAF3D203E318500708884 /* LaunchScreen.storyboard in Resources */ = {isa = PBXBuildFile; fileRef = D5FCAF3B203E318500708884 /* LaunchScreen.storyboard */; };
		D5FCAF48203E318600708884 /* CanvasTests.swift in Sources */ = {isa = PBXBuildFile; fileRef = D5FCAF47203E318600708884 /* CanvasTests.swift */; };
		D5FCAF53203E318600708884 /* CanvasUITests.swift in Sources */ = {isa = PBXBuildFile; fileRef = D5FCAF52203E318600708884 /* CanvasUITests.swift */; };
		D5FCAF61203E31A400708884 /* CanvasViewController.swift in Sources */ = {isa = PBXBuildFile; fileRef = D5FCAF60203E31A400708884 /* CanvasViewController.swift */; };
/* End PBXBuildFile section */

/* Begin PBXContainerItemProxy section */
		D5FCAF44203E318600708884 /* PBXContainerItemProxy */ = {
			isa = PBXContainerItemProxy;
			containerPortal = D5FCAF27203E318500708884 /* Project object */;
			proxyType = 1;
			remoteGlobalIDString = D5FCAF2E203E318500708884;
			remoteInfo = Canvas;
		};
		D5FCAF4F203E318600708884 /* PBXContainerItemProxy */ = {
			isa = PBXContainerItemProxy;
			containerPortal = D5FCAF27203E318500708884 /* Project object */;
			proxyType = 1;
			remoteGlobalIDString = D5FCAF2E203E318500708884;
			remoteInfo = Canvas;
		};
/* End PBXContainerItemProxy section */

/* Begin PBXFileReference section */
		D5FCAF2F203E318500708884 /* Canvas.app */ = {isa = PBXFileReference; explicitFileType = wrapper.application; includeInIndex = 0; path = Canvas.app; sourceTree = BUILT_PRODUCTS_DIR; };
		D5FCAF32203E318500708884 /* AppDelegate.swift */ = {isa = PBXFileReference; lastKnownFileType = sourcecode.swift; path = AppDelegate.swift; sourceTree = "<group>"; };
		D5FCAF37203E318500708884 /* Base */ = {isa = PBXFileReference; lastKnownFileType = file.storyboard; name = Base; path = Base.lproj/Main.storyboard; sourceTree = "<group>"; };
		D5FCAF39203E318500708884 /* Assets.xcassets */ = {isa = PBXFileReference; lastKnownFileType = folder.assetcatalog; path = Assets.xcassets; sourceTree = "<group>"; };
		D5FCAF3C203E318500708884 /* Base */ = {isa = PBXFileReference; lastKnownFileType = file.storyboard; name = Base; path = Base.lproj/LaunchScreen.storyboard; sourceTree = "<group>"; };
		D5FCAF3E203E318500708884 /* Info.plist */ = {isa = PBXFileReference; lastKnownFileType = text.plist.xml; path = Info.plist; sourceTree = "<group>"; };
		D5FCAF43203E318600708884 /* CanvasTests.xctest */ = {isa = PBXFileReference; explicitFileType = wrapper.cfbundle; includeInIndex = 0; path = CanvasTests.xctest; sourceTree = BUILT_PRODUCTS_DIR; };
		D5FCAF47203E318600708884 /* CanvasTests.swift */ = {isa = PBXFileReference; lastKnownFileType = sourcecode.swift; path = CanvasTests.swift; sourceTree = "<group>"; };
		D5FCAF49203E318600708884 /* Info.plist */ = {isa = PBXFileReference; lastKnownFileType = text.plist.xml; path = Info.plist; sourceTree = "<group>"; };
		D5FCAF4E203E318600708884 /* CanvasUITests.xctest */ = {isa = PBXFileReference; explicitFileType = wrapper.cfbundle; includeInIndex = 0; path = CanvasUITests.xctest; sourceTree = BUILT_PRODUCTS_DIR; };
		D5FCAF52203E318600708884 /* CanvasUITests.swift */ = {isa = PBXFileReference; lastKnownFileType = sourcecode.swift; path = CanvasUITests.swift; sourceTree = "<group>"; };
		D5FCAF54203E318600708884 /* Info.plist */ = {isa = PBXFileReference; lastKnownFileType = text.plist.xml; path = Info.plist; sourceTree = "<group>"; };
		D5FCAF60203E31A400708884 /* CanvasViewController.swift */ = {isa = PBXFileReference; fileEncoding = 4; lastKnownFileType = sourcecode.swift; path = CanvasViewController.swift; sourceTree = "<group>"; };
/* End PBXFileReference section */

/* Begin PBXFrameworksBuildPhase section */
		D5FCAF2C203E318500708884 /* Frameworks */ = {
			isa = PBXFrameworksBuildPhase;
			buildActionMask = 2147483647;
			files = (
			);
			runOnlyForDeploymentPostprocessing = 0;
		};
		D5FCAF40203E318600708884 /* Frameworks */ = {
			isa = PBXFrameworksBuildPhase;
			buildActionMask = 2147483647;
			files = (
			);
			runOnlyForDeploymentPostprocessing = 0;
		};
		D5FCAF4B203E318600708884 /* Frameworks */ = {
			isa = PBXFrameworksBuildPhase;
			buildActionMask = 2147483647;
			files = (
			);
			runOnlyForDeploymentPostprocessing = 0;
		};
/* End PBXFrameworksBuildPhase section */

/* Begin PBXGroup section */
		D5FCAF26203E318500708884 = {
			isa = PBXGroup;
			children = (
				D5FCAF31203E318500708884 /* Canvas */,
				D5FCAF46203E318600708884 /* CanvasTests */,
				D5FCAF51203E318600708884 /* CanvasUITests */,
				D5FCAF30203E318500708884 /* Products */,
			);
			sourceTree = "<group>";
		};
		D5FCAF30203E318500708884 /* Products */ = {
			isa = PBXGroup;
			children = (
				D5FCAF2F203E318500708884 /* Canvas.app */,
				D5FCAF43203E318600708884 /* CanvasTests.xctest */,
				D5FCAF4E203E318600708884 /* CanvasUITests.xctest */,
			);
			name = Products;
			sourceTree = "<group>";
		};
		D5FCAF31203E318500708884 /* Canvas */ = {
			isa = PBXGroup;
			children = (
				D5FCAF32203E318500708884 /* AppDelegate.swift */,
				D5FCAF60203E31A400708884 /* CanvasViewController.swift */,
				D5FCAF36203E318500708884 /* Main.storyboard */,
				D5FCAF39203E318500708884 /* Assets.xcassets */,
				D5FCAF3B203E318500708884 /* LaunchScreen.storyboard */,
				D5FCAF3E203E318500708884 /* Info.plist */,
			);
			path = Canvas;
			sourceTree = "<group>";
		};
		D5FCAF46203E318600708884 /* CanvasTests */ = {
			isa = PBXGroup;
			children = (
				D5FCAF47203E318600708884 /* CanvasTests.swift */,
				D5FCAF49203E318600708884 /* Info.plist */,
			);
			path = CanvasTests;
			sourceTree = "<group>";
		};
		D5FCAF51203E318600708884 /* CanvasUITests */ = {
			isa = PBXGroup;
			children = (
				D5FCAF52203E318600708884 /* CanvasUITests.swift */,
				D5FCAF54203E318600708884 /* Info.plist */,
			);
			path = CanvasUITests;
			sourceTree = "<group>";
		};
/* End PBXGroup section */

/* Begin PBXNativeTarget section */
		D5FCAF2E203E318500708884 /* Canvas */ = {
			isa = PBXNativeTarget;
			buildConfigurationList = D5FCAF57203E318600708884 /* Build configuration list for PBXNativeTarget "Canvas" */;
			buildPhases = (
				D5FCAF2B203E318500708884 /* Sources */,
				D5FCAF2C203E318500708884 /* Frameworks */,
				D5FCAF2D203E318500708884 /* Resources */,
			);
			buildRules = (
			);
			dependencies = (
			);
			name = Canvas;
			productName = Canvas;
			productReference = D5FCAF2F203E318500708884 /* Canvas.app */;
			productType = "com.apple.product-type.application";
		};
		D5FCAF42203E318600708884 /* CanvasTests */ = {
			isa = PBXNativeTarget;
			buildConfigurationList = D5FCAF5A203E318600708884 /* Build configuration list for PBXNativeTarget "CanvasTests" */;
			buildPhases = (
				D5FCAF3F203E318600708884 /* Sources */,
				D5FCAF40203E318600708884 /* Frameworks */,
				D5FCAF41203E318600708884 /* Resources */,
			);
			buildRules = (
			);
			dependencies = (
				D5FCAF45203E318600708884 /* PBXTargetDependency */,
			);
			name = CanvasTests;
			productName = CanvasTests;
			productReference = D5FCAF43203E318600708884 /* CanvasTests.xctest */;
			productType = "com.apple.product-type.bundle.unit-test";
		};
		D5FCAF4D203E318600708884 /* CanvasUITests */ = {
			isa = PBXNativeTarget;
			buildConfigurationList = D5FCAF5D203E318600708884 /* Build configuration list for PBXNativeTarget "CanvasUITests" */;
			buildPhases = (
				D5FCAF4A203E318600708884 /* Sources */,
				D5FCAF4B203E318600708884 /* Frameworks */,
				D5FCAF4C203E318600708884 /* Resources */,
			);
			buildRules = (
			);
			dependencies = (
				D5FCAF50203E318600708884 /* PBXTargetDependency */,
			);
			name = CanvasUITests;
			productName = CanvasUITests;
			productReference = D5FCAF4E203E318600708884 /* CanvasUITests.xctest */;
			productType = "com.apple.product-type.bundle.ui-testing";
		};
/* End PBXNativeTarget section */

/* Begin PBXProject section */
		D5FCAF27203E318500708884 /* Project object */ = {
			isa = PBXProject;
			attributes = {
				LastSwiftUpdateCheck = 0830;
				LastUpgradeCheck = 0830;
				ORGANIZATIONNAME = "Nikhil Iyer";
				TargetAttributes = {
					D5FCAF2E203E318500708884 = {
						CreatedOnToolsVersion = 8.3.3;
						ProvisioningStyle = Automatic;
					};
					D5FCAF42203E318600708884 = {
						CreatedOnToolsVersion = 8.3.3;
						ProvisioningStyle = Automatic;
						TestTargetID = D5FCAF2E203E318500708884;
					};
					D5FCAF4D203E318600708884 = {
						CreatedOnToolsVersion = 8.3.3;
						ProvisioningStyle = Automatic;
						TestTargetID = D5FCAF2E203E318500708884;
					};
				};
			};
			buildConfigurationList = D5FCAF2A203E318500708884 /* Build configuration list for PBXProject "Canvas" */;
			compatibilityVersion = "Xcode 3.2";
			developmentRegion = English;
			hasScannedForEncodings = 0;
			knownRegions = (
				en,
				Base,
			);
			mainGroup = D5FCAF26203E318500708884;
			productRefGroup = D5FCAF30203E318500708884 /* Products */;
			projectDirPath = "";
			projectRoot = "";
			targets = (
				D5FCAF2E203E318500708884 /* Canvas */,
				D5FCAF42203E318600708884 /* CanvasTests */,
				D5FCAF4D203E318600708884 /* CanvasUITests */,
			);
		};
/* End PBXProject section */

/* Begin PBXResourcesBuildPhase section */
		D5FCAF2D203E318500708884 /* Resources */ = {
			isa = PBXResourcesBuildPhase;
			buildActionMask = 2147483647;
			files = (
				D5FCAF3D203E318500708884 /* LaunchScreen.storyboard in Resources */,
				D5FCAF3A203E318500708884 /* Assets.xcassets in Resources */,
				D5FCAF38203E318500708884 /* Main.storyboard in Resources */,
			);
			runOnlyForDeploymentPostprocessing = 0;
		};
		D5FCAF41203E318600708884 /* Resources */ = {
			isa = PBXResourcesBuildPhase;
			buildActionMask = 2147483647;
			files = (
			);
			runOnlyForDeploymentPostprocessing = 0;
		};
		D5FCAF4C203E318600708884 /* Resources */ = {
			isa = PBXResourcesBuildPhase;
			buildActionMask = 2147483647;
			files = (
			);
			runOnlyForDeploymentPostprocessing = 0;
		};
/* End PBXResourcesBuildPhase section */

/* Begin PBXSourcesBuildPhase section */
		D5FCAF2B203E318500708884 /* Sources */ = {
			isa = PBXSourcesBuildPhase;
			buildActionMask = 2147483647;
			files = (
				D5FCAF61203E31A400708884 /* CanvasViewController.swift in Sources */,
				D5FCAF33203E318500708884 /* AppDelegate.swift in Sources */,
			);
			runOnlyForDeploymentPostprocessing = 0;
		};
		D5FCAF3F203E318600708884 /* Sources */ = {
			isa = PBXSourcesBuildPhase;
			buildActionMask = 2147483647;
			files = (
				D5FCAF48203E318600708884 /* CanvasTests.swift in Sources */,
			);
			runOnlyForDeploymentPostprocessing = 0;
		};
		D5FCAF4A203E318600708884 /* Sources */ = {
			isa = PBXSourcesBuildPhase;
			buildActionMask = 2147483647;
			files = (
				D5FCAF53203E318600708884 /* CanvasUITests.swift in Sources */,
			);
			runOnlyForDeploymentPostprocessing = 0;
		};
/* End PBXSourcesBuildPhase section */

/* Begin PBXTargetDependency section */
		D5FCAF45203E318600708884 /* PBXTargetDependency */ = {
			isa = PBXTargetDependency;
			target = D5FCAF2E203E318500708884 /* Canvas */;
			targetProxy = D5FCAF44203E318600708884 /* PBXContainerItemProxy */;
		};
		D5FCAF50203E318600708884 /* PBXTargetDependency */ = {
			isa = PBXTargetDependency;
			target = D5FCAF2E203E318500708884 /* Canvas */;
			targetProxy = D5FCAF4F203E318600708884 /* PBXContainerItemProxy */;
		};
/* End PBXTargetDependency section */

/* Begin PBXVariantGroup section */
		D5FCAF36203E318500708884 /* Main.storyboard */ = {
			isa = PBXVariantGroup;
			children = (
				D5FCAF37203E318500708884 /* Base */,
			);
			name = Main.storyboard;
			sourceTree = "<group>";
		};
		D5FCAF3B203E318500708884 /* LaunchScreen.storyboard */ = {
			isa = PBXVariantGroup;
			children = (
				D5FCAF3C203E318500708884 /* Base */,
			);
			name = LaunchScreen.storyboard;
			sourceTree = "<group>";
		};
/* End PBXVariantGroup section */

/* Begin XCBuildConfiguration section */
		D5FCAF55203E318600708884 /* Debug */ = {
			isa = XCBuildConfiguration;
			buildSettings = {
				ALWAYS_SEARCH_USER_PATHS = NO;
				CLANG_ANALYZER_NONNULL = YES;
				CLANG_ANALYZER_NUMBER_OBJECT_CONVERSION = YES_AGGRESSIVE;
				CLANG_CXX_LANGUAGE_STANDARD = "gnu++0x";
				CLANG_CXX_LIBRARY = "libc++";
				CLANG_ENABLE_MODULES = YES;
				CLANG_ENABLE_OBJC_ARC = YES;
				CLANG_WARN_BOOL_CONVERSION = YES;
				CLANG_WARN_CONSTANT_CONVERSION = YES;
				CLANG_WARN_DIRECT_OBJC_ISA_USAGE = YES_ERROR;
				CLANG_WARN_DOCUMENTATION_COMMENTS = YES;
				CLANG_WARN_EMPTY_BODY = YES;
				CLANG_WARN_ENUM_CONVERSION = YES;
				CLANG_WARN_INFINITE_RECURSION = YES;
				CLANG_WARN_INT_CONVERSION = YES;
				CLANG_WARN_OBJC_ROOT_CLASS = YES_ERROR;
				CLANG_WARN_SUSPICIOUS_MOVE = YES;
				CLANG_WARN_UNREACHABLE_CODE = YES;
				CLANG_WARN__DUPLICATE_METHOD_MATCH = YES;
				"CODE_SIGN_IDENTITY[sdk=iphoneos*]" = "iPhone Developer";
				COPY_PHASE_STRIP = NO;
				DEBUG_INFORMATION_FORMAT = dwarf;
				ENABLE_STRICT_OBJC_MSGSEND = YES;
				ENABLE_TESTABILITY = YES;
				GCC_C_LANGUAGE_STANDARD = gnu99;
				GCC_DYNAMIC_NO_PIC = NO;
				GCC_NO_COMMON_BLOCKS = YES;
				GCC_OPTIMIZATION_LEVEL = 0;
				GCC_PREPROCESSOR_DEFINITIONS = (
					"DEBUG=1",
					"$(inherited)",
				);
				GCC_WARN_64_TO_32_BIT_CONVERSION = YES;
				GCC_WARN_ABOUT_RETURN_TYPE = YES_ERROR;
				GCC_WARN_UNDECLARED_SELECTOR = YES;
				GCC_WARN_UNINITIALIZED_AUTOS = YES_AGGRESSIVE;
				GCC_WARN_UNUSED_FUNCTION = YES;
				GCC_WARN_UNUSED_VARIABLE = YES;
				IPHONEOS_DEPLOYMENT_TARGET = 10.3;
				MTL_ENABLE_DEBUG_INFO = YES;
				ONLY_ACTIVE_ARCH = YES;
				SDKROOT = iphoneos;
				SWIFT_ACTIVE_COMPILATION_CONDITIONS = DEBUG;
				SWIFT_OPTIMIZATION_LEVEL = "-Onone";
			};
			name = Debug;
		};
		D5FCAF56203E318600708884 /* Release */ = {
			isa = XCBuildConfiguration;
			buildSettings = {
				ALWAYS_SEARCH_USER_PATHS = NO;
				CLANG_ANALYZER_NONNULL = YES;
				CLANG_ANALYZER_NUMBER_OBJECT_CONVERSION = YES_AGGRESSIVE;
				CLANG_CXX_LANGUAGE_STANDARD = "gnu++0x";
				CLANG_CXX_LIBRARY = "libc++";
				CLANG_ENABLE_MODULES = YES;
				CLANG_ENABLE_OBJC_ARC = YES;
				CLANG_WARN_BOOL_CONVERSION = YES;
				CLANG_WARN_CONSTANT_CONVERSION = YES;
				CLANG_WARN_DIRECT_OBJC_ISA_USAGE = YES_ERROR;
				CLANG_WARN_DOCUMENTATION_COMMENTS = YES;
				CLANG_WARN_EMPTY_BODY = YES;
				CLANG_WARN_ENUM_CONVERSION = YES;
				CLANG_WARN_INFINITE_RECURSION = YES;
				CLANG_WARN_INT_CONVERSION = YES;
				CLANG_WARN_OBJC_ROOT_CLASS = YES_ERROR;
				CLANG_WARN_SUSPICIOUS_MOVE = YES;
				CLANG_WARN_UNREACHABLE_CODE = YES;
				CLANG_WARN__DUPLICATE_METHOD_MATCH = YES;
				"CODE_SIGN_IDENTITY[sdk=iphoneos*]" = "iPhone Developer";
				COPY_PHASE_STRIP = NO;
				DEBUG_INFORMATION_FORMAT = "dwarf-with-dsym";
				ENABLE_NS_ASSERTIONS = NO;
				ENABLE_STRICT_OBJC_MSGSEND = YES;
				GCC_C_LANGUAGE_STANDARD = gnu99;
				GCC_NO_COMMON_BLOCKS = YES;
				GCC_WARN_64_TO_32_BIT_CONVERSION = YES;
				GCC_WARN_ABOUT_RETURN_TYPE = YES_ERROR;
				GCC_WARN_UNDECLARED_SELECTOR = YES;
				GCC_WARN_UNINITIALIZED_AUTOS = YES_AGGRESSIVE;
				GCC_WARN_UNUSED_FUNCTION = YES;
				GCC_WARN_UNUSED_VARIABLE = YES;
				IPHONEOS_DEPLOYMENT_TARGET = 10.3;
				MTL_ENABLE_DEBUG_INFO = NO;
				SDKROOT = iphoneos;
				SWIFT_OPTIMIZATION_LEVEL = "-Owholemodule";
				VALIDATE_PRODUCT = YES;
			};
			name = Release;
		};
		D5FCAF58203E318600708884 /* Debug */ = {
			isa = XCBuildConfiguration;
			buildSettings = {
				ASSETCATALOG_COMPILER_APPICON_NAME = AppIcon;
				INFOPLIST_FILE = Canvas/Info.plist;
				LD_RUNPATH_SEARCH_PATHS = "$(inherited) @executable_path/Frameworks";
				PRODUCT_BUNDLE_IDENTIFIER = com.nikhiliyer.Canvas;
				PRODUCT_NAME = "$(TARGET_NAME)";
				SWIFT_VERSION = 3.0;
			};
			name = Debug;
		};
		D5FCAF59203E318600708884 /* Release */ = {
			isa = XCBuildConfiguration;
			buildSettings = {
				ASSETCATALOG_COMPILER_APPICON_NAME = AppIcon;
				INFOPLIST_FILE = Canvas/Info.plist;
				LD_RUNPATH_SEARCH_PATHS = "$(inherited) @executable_path/Frameworks";
				PRODUCT_BUNDLE_IDENTIFIER = com.nikhiliyer.Canvas;
				PRODUCT_NAME = "$(TARGET_NAME)";
				SWIFT_VERSION = 3.0;
			};
			name = Release;
		};
		D5FCAF5B203E318600708884 /* Debug */ = {
			isa = XCBuildConfiguration;
			buildSettings = {
				ALWAYS_EMBED_SWIFT_STANDARD_LIBRARIES = YES;
				BUNDLE_LOADER = "$(TEST_HOST)";
				INFOPLIST_FILE = CanvasTests/Info.plist;
				LD_RUNPATH_SEARCH_PATHS = "$(inherited) @executable_path/Frameworks @loader_path/Frameworks";
				PRODUCT_BUNDLE_IDENTIFIER = com.nikhiliyer.CanvasTests;
				PRODUCT_NAME = "$(TARGET_NAME)";
				SWIFT_VERSION = 3.0;
				TEST_HOST = "$(BUILT_PRODUCTS_DIR)/Canvas.app/Canvas";
			};
			name = Debug;
		};
		D5FCAF5C203E318600708884 /* Release */ = {
			isa = XCBuildConfiguration;
			buildSettings = {
				ALWAYS_EMBED_SWIFT_STANDARD_LIBRARIES = YES;
				BUNDLE_LOADER = "$(TEST_HOST)";
				INFOPLIST_FILE = CanvasTests/Info.plist;
				LD_RUNPATH_SEARCH_PATHS = "$(inherited) @executable_path/Frameworks @loader_path/Frameworks";
				PRODUCT_BUNDLE_IDENTIFIER = com.nikhiliyer.CanvasTests;
				PRODUCT_NAME = "$(TARGET_NAME)";
				SWIFT_VERSION = 3.0;
				TEST_HOST = "$(BUILT_PRODUCTS_DIR)/Canvas.app/Canvas";
			};
			name = Release;
		};
		D5FCAF5E203E318600708884 /* Debug */ = {
			isa = XCBuildConfiguration;
			buildSettings = {
				ALWAYS_EMBED_SWIFT_STANDARD_LIBRARIES = YES;
				INFOPLIST_FILE = CanvasUITests/Info.plist;
				LD_RUNPATH_SEARCH_PATHS = "$(inherited) @executable_path/Frameworks @loader_path/Frameworks";
				PRODUCT_BUNDLE_IDENTIFIER = com.nikhiliyer.CanvasUITests;
				PRODUCT_NAME = "$(TARGET_NAME)";
				SWIFT_VERSION = 3.0;
				TEST_TARGET_NAME = Canvas;
			};
			name = Debug;
		};
		D5FCAF5F203E318600708884 /* Release */ = {
			isa = XCBuildConfiguration;
			buildSettings = {
				ALWAYS_EMBED_SWIFT_STANDARD_LIBRARIES = YES;
				INFOPLIST_FILE = CanvasUITests/Info.plist;
				LD_RUNPATH_SEARCH_PATHS = "$(inherited) @executable_path/Frameworks @loader_path/Frameworks";
				PRODUCT_BUNDLE_IDENTIFIER = com.nikhiliyer.CanvasUITests;
				PRODUCT_NAME = "$(TARGET_NAME)";
				SWIFT_VERSION = 3.0;
				TEST_TARGET_NAME = Canvas;
			};
			name = Release;
		};
/* End XCBuildConfiguration section */

/* Begin XCConfigurationList section */
		D5FCAF2A203E318500708884 /* Build configuration list for PBXProject "Canvas" */ = {
			isa = XCConfigurationList;
			buildConfigurations = (
				D5FCAF55203E318600708884 /* Debug */,
				D5FCAF56203E318600708884 /* Release */,
			);
			defaultConfigurationIsVisible = 0;
			defaultConfigurationName = Release;
		};
		D5FCAF57203E318600708884 /* Build configuration list for PBXNativeTarget "Canvas" */ = {
			isa = XCConfigurationList;
			buildConfigurations = (
				D5FCAF58203E318600708884 /* Debug */,
				D5FCAF59203E318600708884 /* Release */,
			);
			defaultConfigurationIsVisible = 0;
		};
		D5FCAF5A203E318600708884 /* Build configuration list for PBXNativeTarget "CanvasTests" */ = {
			isa = XCConfigurationList;
			buildConfigurations = (
				D5FCAF5B203E318600708884 /* Debug */,
				D5FCAF5C203E318600708884 /* Release */,
			);
			defaultConfigurationIsVisible = 0;
		};
		D5FCAF5D203E318600708884 /* Build configuration list for PBXNativeTarget "CanvasUITests" */ = {
			isa = XCConfigurationList;
			buildConfigurations = (
				D5FCAF5E203E318600708884 /* Debug */,
				D5FCAF5F203E318600708884 /* Release */,
			);
			defaultConfigurationIsVisible = 0;
		};
/* End XCConfigurationList section */
	};
	rootObject = D5FCAF27203E318500708884 /* Project object */;
}
